{
  "name": "rym2",
  "lockfileVersion": 3,
  "requires": true,
  "packages": {
    "": {
      "dependencies": {
        "@ckeditor/ckeditor5-build-classic": "^41.0.0",
        "@jaames/iro": "^5.5.2",
        "@popperjs/core": "^2.11.8",
        "chart.js": "^4.4.0",
        "leaflet": "^1.9.4",
        "leaflet-geosearch": "^3.10.2",
        "select2-bootstrap-theme": "^0.1.0-beta.10",
        "simple-datatables": "^8.0.0"
      }
    },
    "node_modules/@ckeditor/ckeditor5-adapter-ckfinder": {
      "version": "41.0.0",
      "resolved": "https://registry.npmjs.org/@ckeditor/ckeditor5-adapter-ckfinder/-/ckeditor5-adapter-ckfinder-41.0.0.tgz",
      "integrity": "sha512-2N5WqXNtU+5w44t9sasokIxcs1O2dyEutal10UUDdfHL6fyExMibbn0CTPSUhQBWxG8KFawbF0Nqww7BSoXD+A==",
      "dependencies": {
        "ckeditor5": "41.0.0"
      }
    },
    "node_modules/@ckeditor/ckeditor5-autoformat": {
      "version": "41.0.0",
      "resolved": "https://registry.npmjs.org/@ckeditor/ckeditor5-autoformat/-/ckeditor5-autoformat-41.0.0.tgz",
      "integrity": "sha512-GxAzOlSarvObBkd+qvy0/fwkNt9x0Pugy8Sh0/7bXDJIkvSXqB4Vecq2l3RA8ATIietW2mD/NYQtu53U1Y8GvQ==",
      "dependencies": {
        "ckeditor5": "41.0.0"
      }
    },
    "node_modules/@ckeditor/ckeditor5-basic-styles": {
      "version": "41.0.0",
      "resolved": "https://registry.npmjs.org/@ckeditor/ckeditor5-basic-styles/-/ckeditor5-basic-styles-41.0.0.tgz",
      "integrity": "sha512-5BZnkL0TRbpdyY4Uwj230Aj+iQufO6He/KPlnA5fFglXKG+AyuPubXOY5P5dAX1SOMKpEZ720zSugFTVvM0ErA==",
      "dependencies": {
        "ckeditor5": "41.0.0"
      }
    },
    "node_modules/@ckeditor/ckeditor5-block-quote": {
      "version": "41.0.0",
      "resolved": "https://registry.npmjs.org/@ckeditor/ckeditor5-block-quote/-/ckeditor5-block-quote-41.0.0.tgz",
      "integrity": "sha512-N3AbHpWllqYVY9/ME2NhQJhJLoZoks8r+7HdhZ7mrSPtOJVdeSN7L9X2LXLIozddQ/zqJXv1oJq5m/qMH9ruTw==",
      "dependencies": {
        "ckeditor5": "41.0.0"
      }
    },
    "node_modules/@ckeditor/ckeditor5-build-classic": {
      "version": "41.0.0",
      "resolved": "https://registry.npmjs.org/@ckeditor/ckeditor5-build-classic/-/ckeditor5-build-classic-41.0.0.tgz",
      "integrity": "sha512-J4Gi1GEGDrZrgOqzKk321Q+LnQ7rTefWqg8DNof5ekRi/09iPweyNWhlSFdPIO6L7UswD7ljoetVjUoB8SqX8w==",
      "dependencies": {
        "@ckeditor/ckeditor5-adapter-ckfinder": "41.0.0",
        "@ckeditor/ckeditor5-autoformat": "41.0.0",
        "@ckeditor/ckeditor5-basic-styles": "41.0.0",
        "@ckeditor/ckeditor5-block-quote": "41.0.0",
        "@ckeditor/ckeditor5-ckbox": "41.0.0",
        "@ckeditor/ckeditor5-ckfinder": "41.0.0",
        "@ckeditor/ckeditor5-cloud-services": "41.0.0",
        "@ckeditor/ckeditor5-easy-image": "41.0.0",
        "@ckeditor/ckeditor5-editor-classic": "41.0.0",
        "@ckeditor/ckeditor5-essentials": "41.0.0",
        "@ckeditor/ckeditor5-heading": "41.0.0",
        "@ckeditor/ckeditor5-image": "41.0.0",
        "@ckeditor/ckeditor5-indent": "41.0.0",
        "@ckeditor/ckeditor5-link": "41.0.0",
        "@ckeditor/ckeditor5-list": "41.0.0",
        "@ckeditor/ckeditor5-media-embed": "41.0.0",
        "@ckeditor/ckeditor5-paragraph": "41.0.0",
        "@ckeditor/ckeditor5-paste-from-office": "41.0.0",
        "@ckeditor/ckeditor5-table": "41.0.0",
        "@ckeditor/ckeditor5-typing": "41.0.0"
      }
    },
    "node_modules/@ckeditor/ckeditor5-ckbox": {
      "version": "41.0.0",
      "resolved": "https://registry.npmjs.org/@ckeditor/ckeditor5-ckbox/-/ckeditor5-ckbox-41.0.0.tgz",
      "integrity": "sha512-8Q8GEs8kBArsWgbOT0c9D33T0AyUCNBcLhV2sHDs4XTg0ldxwDSCkneEJfV5da5ekgp/qacivoF8IVTzjNaHqQ==",
      "dependencies": {
        "blurhash": "2.0.5",
        "ckeditor5": "41.0.0",
        "lodash-es": "4.17.21"
      }
    },
    "node_modules/@ckeditor/ckeditor5-ckfinder": {
      "version": "41.0.0",
      "resolved": "https://registry.npmjs.org/@ckeditor/ckeditor5-ckfinder/-/ckeditor5-ckfinder-41.0.0.tgz",
      "integrity": "sha512-IKBkRB84gbLzLMOPnigpBa0WKR0etyIQdsrbD8i7H96fTTNWC0RNxbTyeD0RIbh5/EhJqFQPSds1QnVr5XvHqA==",
      "dependencies": {
        "ckeditor5": "41.0.0"
      }
    },
    "node_modules/@ckeditor/ckeditor5-clipboard": {
      "version": "41.0.0",
      "resolved": "https://registry.npmjs.org/@ckeditor/ckeditor5-clipboard/-/ckeditor5-clipboard-41.0.0.tgz",
      "integrity": "sha512-OS0jL9s5P4uFadQYrPkRtx6+KlDkJwMLbQoeEhTpyG4BwF3zf2Q3UE+KdyvULS2er8FtxVu5bx3zeA7DtxYa9w==",
      "dependencies": {
        "@ckeditor/ckeditor5-core": "41.0.0",
        "@ckeditor/ckeditor5-engine": "41.0.0",
        "@ckeditor/ckeditor5-ui": "41.0.0",
        "@ckeditor/ckeditor5-utils": "41.0.0",
        "@ckeditor/ckeditor5-widget": "41.0.0",
        "lodash-es": "4.17.21"
      }
    },
    "node_modules/@ckeditor/ckeditor5-cloud-services": {
      "version": "41.0.0",
      "resolved": "https://registry.npmjs.org/@ckeditor/ckeditor5-cloud-services/-/ckeditor5-cloud-services-41.0.0.tgz",
      "integrity": "sha512-AfsX1ZDYBYUEXzxLiWp9Szl6LIzjNvKFSqsRrY889J2CMmA9LfAcS3tEnXeLqutb9EhcHfpPoSdQLZ3l9UpPew==",
      "dependencies": {
        "ckeditor5": "41.0.0"
      }
    },
    "node_modules/@ckeditor/ckeditor5-core": {
      "version": "41.0.0",
      "resolved": "https://registry.npmjs.org/@ckeditor/ckeditor5-core/-/ckeditor5-core-41.0.0.tgz",
      "integrity": "sha512-/t4Cl8fxdrjxn4WRobJdRui4WwGUq/qsD3q5W5IzdCQyON1fr+qaDJ4popGfg+MFSNIFFF9/ip5wkgqOexYMOg==",
      "dependencies": {
        "@ckeditor/ckeditor5-engine": "41.0.0",
        "@ckeditor/ckeditor5-utils": "41.0.0",
        "lodash-es": "4.17.21"
      }
    },
    "node_modules/@ckeditor/ckeditor5-easy-image": {
      "version": "41.0.0",
      "resolved": "https://registry.npmjs.org/@ckeditor/ckeditor5-easy-image/-/ckeditor5-easy-image-41.0.0.tgz",
      "integrity": "sha512-DTMpDv4yapvT6bbBLLXvOsJdrn7G8WseIZCrCJWwnaSqH0yQvk/w30fj1MYt6m2lDMmp9Z96/wl/V7tp8QrSRw==",
      "dependencies": {
        "ckeditor5": "41.0.0"
      }
    },
    "node_modules/@ckeditor/ckeditor5-editor-classic": {
      "version": "41.0.0",
      "resolved": "https://registry.npmjs.org/@ckeditor/ckeditor5-editor-classic/-/ckeditor5-editor-classic-41.0.0.tgz",
      "integrity": "sha512-64E/zrOs6BRSHJ34wIEtRMEOQwceK9TOWZCmXcIqjS+gH7D1O9mCgM3u8wN+Vk/LfHNXNZq/xl27nYG0tHxwww==",
      "dependencies": {
        "ckeditor5": "41.0.0",
        "lodash-es": "4.17.21"
      }
    },
    "node_modules/@ckeditor/ckeditor5-engine": {
      "version": "41.0.0",
      "resolved": "https://registry.npmjs.org/@ckeditor/ckeditor5-engine/-/ckeditor5-engine-41.0.0.tgz",
      "integrity": "sha512-SrzyRU4LXkgIFl614Vshciiwq76zbMt3gKR4Gi1xth2Q5jStT2V42KfUJ+aeigD0RevRcOL8X/g/oSXgKudbow==",
      "dependencies": {
        "@ckeditor/ckeditor5-utils": "41.0.0",
        "lodash-es": "4.17.21"
      }
    },
    "node_modules/@ckeditor/ckeditor5-enter": {
      "version": "41.0.0",
      "resolved": "https://registry.npmjs.org/@ckeditor/ckeditor5-enter/-/ckeditor5-enter-41.0.0.tgz",
      "integrity": "sha512-6APFUXOsYcoDVyip2E79gWzE/bmEN1+5eY0ShxJmL4seSD7ipn8TflpGsPjqxe4+bcMBzpfYOcm2wlMxo/Nf6A==",
      "dependencies": {
        "@ckeditor/ckeditor5-core": "41.0.0",
        "@ckeditor/ckeditor5-engine": "41.0.0",
        "@ckeditor/ckeditor5-utils": "41.0.0"
      }
    },
    "node_modules/@ckeditor/ckeditor5-essentials": {
      "version": "41.0.0",
      "resolved": "https://registry.npmjs.org/@ckeditor/ckeditor5-essentials/-/ckeditor5-essentials-41.0.0.tgz",
      "integrity": "sha512-R80qtyBgPGFDaDsJAF3gqqAAnq8+kLijR1bDsAvHwRY4FN0zhdxfwQOdeIB+OCGBevyYNrJ6MFfX/LSOZj66CA==",
      "dependencies": {
        "ckeditor5": "41.0.0"
      }
    },
    "node_modules/@ckeditor/ckeditor5-heading": {
      "version": "41.0.0",
      "resolved": "https://registry.npmjs.org/@ckeditor/ckeditor5-heading/-/ckeditor5-heading-41.0.0.tgz",
      "integrity": "sha512-00axXKOHXVDquO6yvQLAmLe4fk3v/x4JK5FHaclIeFILlJvDU5X4r5J2lEK8ClaJ/2EeaLyt+Dnwk/FRpp+0IQ==",
      "dependencies": {
        "ckeditor5": "41.0.0"
      }
    },
    "node_modules/@ckeditor/ckeditor5-image": {
      "version": "41.0.0",
      "resolved": "https://registry.npmjs.org/@ckeditor/ckeditor5-image/-/ckeditor5-image-41.0.0.tgz",
      "integrity": "sha512-p7tFXov36cQP3Y3Kyr6Q9a/5BA0Pj5Wq8q0qPb08jpdRb6TCR60WkmiIK9yzSNR3FN4sfq1PG4l4mM4M2MJqaA==",
      "dependencies": {
        "@ckeditor/ckeditor5-ui": "41.0.0",
        "ckeditor5": "41.0.0",
        "lodash-es": "4.17.21"
      }
    },
    "node_modules/@ckeditor/ckeditor5-indent": {
      "version": "41.0.0",
      "resolved": "https://registry.npmjs.org/@ckeditor/ckeditor5-indent/-/ckeditor5-indent-41.0.0.tgz",
      "integrity": "sha512-OpwL9eyKOnQJ3Rv50/ur+fYKd6dpRuEhNUpsf39h0UNbF9i1KU+nUiIU/WLpj3uPPeFKE5DeyM4RQFJuK6oMdw==",
      "dependencies": {
        "ckeditor5": "41.0.0"
      }
    },
    "node_modules/@ckeditor/ckeditor5-link": {
      "version": "41.0.0",
      "resolved": "https://registry.npmjs.org/@ckeditor/ckeditor5-link/-/ckeditor5-link-41.0.0.tgz",
      "integrity": "sha512-eMnQNUbTaQSCEeZs4PT/WYpeTLeJj39wASygW+m4Cv28zs91RVhS3amXEuOfoTEp2yxaCw+wAlbAlAoOWhPQCg==",
      "dependencies": {
        "@ckeditor/ckeditor5-ui": "41.0.0",
        "ckeditor5": "41.0.0",
        "lodash-es": "4.17.21"
      }
    },
    "node_modules/@ckeditor/ckeditor5-list": {
      "version": "41.0.0",
      "resolved": "https://registry.npmjs.org/@ckeditor/ckeditor5-list/-/ckeditor5-list-41.0.0.tgz",
      "integrity": "sha512-KBbGWY7ihhc2IpCNpYoT+mzTThpsS3X7Pz6nQHAkGC3rzrdnfPhSbTnrXqckmMfM6VQzGrXUMWnIwLMDdGfGcw==",
      "dependencies": {
        "ckeditor5": "41.0.0"
      }
    },
    "node_modules/@ckeditor/ckeditor5-media-embed": {
      "version": "41.0.0",
      "resolved": "https://registry.npmjs.org/@ckeditor/ckeditor5-media-embed/-/ckeditor5-media-embed-41.0.0.tgz",
      "integrity": "sha512-x+umwDKQSB/oCB07r3cYzqWimr4XCOES+iBwFm4gIRp1Prh4DowqaEFipp6WV3goZLParFjkq9aiHaAHXcqO2g==",
      "dependencies": {
        "@ckeditor/ckeditor5-ui": "41.0.0",
        "ckeditor5": "41.0.0"
      }
    },
    "node_modules/@ckeditor/ckeditor5-paragraph": {
      "version": "41.0.0",
      "resolved": "https://registry.npmjs.org/@ckeditor/ckeditor5-paragraph/-/ckeditor5-paragraph-41.0.0.tgz",
      "integrity": "sha512-w344YUyhk+ME1fbD0/Dm/xe92OLCMTg5IYEWBpyn20VjnWhu1DPTMJ6NWM6/aGTCZ3bxEIh0UWj4QFr+QstiVA==",
      "dependencies": {
        "@ckeditor/ckeditor5-core": "41.0.0",
        "@ckeditor/ckeditor5-ui": "41.0.0",
        "@ckeditor/ckeditor5-utils": "41.0.0"
      }
    },
    "node_modules/@ckeditor/ckeditor5-paste-from-office": {
      "version": "41.0.0",
      "resolved": "https://registry.npmjs.org/@ckeditor/ckeditor5-paste-from-office/-/ckeditor5-paste-from-office-41.0.0.tgz",
      "integrity": "sha512-QCgLLY9k3LC4iqG9T7m1PyWPZ8c5ZzCcu/Jed3eA9ixjFVFcdL2wkAaiGug50Uw8gfclrsygBAmGrdtH2qSZ7w==",
      "dependencies": {
        "ckeditor5": "41.0.0"
      }
    },
    "node_modules/@ckeditor/ckeditor5-select-all": {
      "version": "41.0.0",
      "resolved": "https://registry.npmjs.org/@ckeditor/ckeditor5-select-all/-/ckeditor5-select-all-41.0.0.tgz",
      "integrity": "sha512-5dn8TlkygVjs3WILIBIyQrZBwZ7Ip+VS0aC7LJiNLCc1XIEZOpuP7dHph014IbW+8m7P61DK24AuuNn1J0KCRA==",
      "dependencies": {
        "@ckeditor/ckeditor5-core": "41.0.0",
        "@ckeditor/ckeditor5-ui": "41.0.0",
        "@ckeditor/ckeditor5-utils": "41.0.0"
      }
    },
    "node_modules/@ckeditor/ckeditor5-table": {
      "version": "41.0.0",
      "resolved": "https://registry.npmjs.org/@ckeditor/ckeditor5-table/-/ckeditor5-table-41.0.0.tgz",
      "integrity": "sha512-4JTIc42eN+tfW0Sucw867PDdLD2IOajLXPJ8W1MaDjOfM+7RZZ4muCHMOf1LXk69Gfrt3cd2YrRELv3N2fjv5Q==",
      "dependencies": {
        "ckeditor5": "41.0.0",
        "lodash-es": "4.17.21"
      }
    },
    "node_modules/@ckeditor/ckeditor5-typing": {
      "version": "41.0.0",
      "resolved": "https://registry.npmjs.org/@ckeditor/ckeditor5-typing/-/ckeditor5-typing-41.0.0.tgz",
      "integrity": "sha512-uaIU/5X1Ffk2XZZ/3q1NyrINhxPDre8Bnb7+AvzPWtLsdimoCotpzA84h00WVYWS4B5xotrM/eV/MikQvcpRkQ==",
      "dependencies": {
        "@ckeditor/ckeditor5-core": "41.0.0",
        "@ckeditor/ckeditor5-engine": "41.0.0",
        "@ckeditor/ckeditor5-utils": "41.0.0",
        "lodash-es": "4.17.21"
      }
    },
    "node_modules/@ckeditor/ckeditor5-ui": {
      "version": "41.0.0",
      "resolved": "https://registry.npmjs.org/@ckeditor/ckeditor5-ui/-/ckeditor5-ui-41.0.0.tgz",
      "integrity": "sha512-0oLE7WQyCcNxwvSJw2gwFgrktK19aqbqzIQJpr8xrn5KfDJw7WWk53/yWye05pAphtGo1VZTOk8YG7OJMvQn2Q==",
      "dependencies": {
        "@ckeditor/ckeditor5-core": "41.0.0",
        "@ckeditor/ckeditor5-utils": "41.0.0",
        "color-convert": "2.0.1",
        "color-parse": "1.4.2",
        "lodash-es": "4.17.21",
        "vanilla-colorful": "0.7.2"
      }
    },
    "node_modules/@ckeditor/ckeditor5-undo": {
      "version": "41.0.0",
      "resolved": "https://registry.npmjs.org/@ckeditor/ckeditor5-undo/-/ckeditor5-undo-41.0.0.tgz",
      "integrity": "sha512-2rF8YqEDZgPa3sD1BVZxlEKxZ7bwqPVCG9f4ebLr9AYSI3DnneitAtiTlkbb2CjcPc4FAcOPFpvQyzavIpkNDg==",
      "dependencies": {
        "@ckeditor/ckeditor5-core": "41.0.0",
        "@ckeditor/ckeditor5-engine": "41.0.0",
        "@ckeditor/ckeditor5-ui": "41.0.0"
      }
    },
    "node_modules/@ckeditor/ckeditor5-upload": {
      "version": "41.0.0",
      "resolved": "https://registry.npmjs.org/@ckeditor/ckeditor5-upload/-/ckeditor5-upload-41.0.0.tgz",
      "integrity": "sha512-EGb88xYTyL6Xdi7pFkmhv3Zv2JrKUWvyTXGdUEmLsMqRzxV+VHkVt2HTxHERaZlOa/iY6GzkC4yHGFL+jC28/Q==",
      "dependencies": {
        "@ckeditor/ckeditor5-core": "41.0.0",
        "@ckeditor/ckeditor5-ui": "41.0.0",
        "@ckeditor/ckeditor5-utils": "41.0.0"
      }
    },
    "node_modules/@ckeditor/ckeditor5-utils": {
      "version": "41.0.0",
      "resolved": "https://registry.npmjs.org/@ckeditor/ckeditor5-utils/-/ckeditor5-utils-41.0.0.tgz",
      "integrity": "sha512-7ITAPlFxjPtFa4HnB+zrjgEs0nfPs+QHmf1pOltfIUhpFvg5V6ImIrBvzIaf+AeU5Uf6pNVHjXnqorn9oeqRTA==",
      "dependencies": {
        "lodash-es": "4.17.21"
      }
    },
    "node_modules/@ckeditor/ckeditor5-watchdog": {
      "version": "41.0.0",
      "resolved": "https://registry.npmjs.org/@ckeditor/ckeditor5-watchdog/-/ckeditor5-watchdog-41.0.0.tgz",
      "integrity": "sha512-S2mP2A+Zil7j7LMZqJhBTXc007gbYJD12xBpa5MQFLcUNLwYR9nj69IM5QmJV50ai0U7znkWQxJai/4BAJvL8Q==",
      "dependencies": {
        "lodash-es": "4.17.21"
      }
    },
    "node_modules/@ckeditor/ckeditor5-widget": {
      "version": "41.0.0",
      "resolved": "https://registry.npmjs.org/@ckeditor/ckeditor5-widget/-/ckeditor5-widget-41.0.0.tgz",
      "integrity": "sha512-pQomiS4wSlDs17muViabmGzcGAWR/cqtUIJswXAqlaQICdbOIX+tfA9XsZDdekrTZZxZxk+1Zh1UJ4WWK4kmSg==",
      "dependencies": {
        "@ckeditor/ckeditor5-core": "41.0.0",
        "@ckeditor/ckeditor5-engine": "41.0.0",
        "@ckeditor/ckeditor5-enter": "41.0.0",
        "@ckeditor/ckeditor5-typing": "41.0.0",
        "@ckeditor/ckeditor5-ui": "41.0.0",
        "@ckeditor/ckeditor5-utils": "41.0.0",
        "lodash-es": "4.17.21"
      }
    },
    "node_modules/@googlemaps/js-api-loader": {
      "version": "1.16.2",
      "resolved": "https://registry.npmjs.org/@googlemaps/js-api-loader/-/js-api-loader-1.16.2.tgz",
      "integrity": "sha512-psGw5u0QM6humao48Hn4lrChOM2/rA43ZCm3tKK9qQsEj1/VzqkCqnvGfEOshDbBQflydfaRovbKwZMF4AyqbA==",
      "optional": true,
      "dependencies": {
        "fast-deep-equal": "^3.1.3"
      }
    },
    "node_modules/@irojs/iro-core": {
      "version": "1.2.1",
      "resolved": "https://registry.npmjs.org/@irojs/iro-core/-/iro-core-1.2.1.tgz",
      "integrity": "sha512-p2OvsBSSmidsDsTSkID6jEyXDF7lcyxPrkh3qBzasBZFpjkYd6kZ3yMWai3MlAaQ3F7li/Et7rSJVV09Fpei+A=="
    },
    "node_modules/@jaames/iro": {
      "version": "5.5.2",
      "resolved": "https://registry.npmjs.org/@jaames/iro/-/iro-5.5.2.tgz",
      "integrity": "sha512-Fbi5U4Vdkw6UsF+R3oMlPONqkvUDMkwzh+mX718gQsDFt3+1r1jvGsrfCbedmXAAy0WsjDHOrefK0BkDk99TQg==",
      "dependencies": {
        "@irojs/iro-core": "^1.2.1",
        "preact": "^10.0.0"
      }
    },
    "node_modules/@kurkle/color": {
      "version": "0.3.2",
      "resolved": "https://registry.npmjs.org/@kurkle/color/-/color-0.3.2.tgz",
      "integrity": "sha512-fuscdXJ9G1qb7W8VdHi+IwRqij3lBkosAm4ydQtEmbY58OzHXqQhvlxqEkoz0yssNVn38bcpRWgA9PP+OGoisw=="
    },
    "node_modules/@popperjs/core": {
      "version": "2.11.8",
      "resolved": "https://registry.npmjs.org/@popperjs/core/-/core-2.11.8.tgz",
      "integrity": "sha512-P1st0aksCrn9sGZhp8GMYwBnQsbvAWsZAX44oXNNvLHGqAOcoVxmjZiohstwQ7SqKnbR47akdNi+uleWD8+g6A==",
      "funding": {
        "type": "opencollective",
        "url": "https://opencollective.com/popperjs"
      }
    },
    "node_modules/blurhash": {
      "version": "2.0.5",
      "resolved": "https://registry.npmjs.org/blurhash/-/blurhash-2.0.5.tgz",
      "integrity": "sha512-cRygWd7kGBQO3VEhPiTgq4Wc43ctsM+o46urrmPOiuAe+07fzlSB9OJVdpgDL0jPqXUVQ9ht7aq7kxOeJHRK+w=="
    },
    "node_modules/chart.js": {
      "version": "4.4.1",
      "resolved": "https://registry.npmjs.org/chart.js/-/chart.js-4.4.1.tgz",
      "integrity": "sha512-C74QN1bxwV1v2PEujhmKjOZ7iUM4w6BWs23Md/6aOZZSlwMzeCIDGuZay++rBgChYru7/+QFeoQW0fQoP534Dg==",
      "dependencies": {
        "@kurkle/color": "^0.3.0"
      },
      "engines": {
        "pnpm": ">=7"
      }
    },
    "node_modules/ckeditor5": {
      "version": "41.0.0",
      "resolved": "https://registry.npmjs.org/ckeditor5/-/ckeditor5-41.0.0.tgz",
      "integrity": "sha512-b1mS43gOmoUtf/fWDYrNxSWhHQFc7Qv9JB5nnePmv1XGIYBa/Bcgp4SSXRSSVl8XfmT9Z7BbYKux0V+ZE45RIQ==",
      "dependencies": {
        "@ckeditor/ckeditor5-clipboard": "41.0.0",
        "@ckeditor/ckeditor5-core": "41.0.0",
        "@ckeditor/ckeditor5-engine": "41.0.0",
        "@ckeditor/ckeditor5-enter": "41.0.0",
        "@ckeditor/ckeditor5-paragraph": "41.0.0",
        "@ckeditor/ckeditor5-select-all": "41.0.0",
        "@ckeditor/ckeditor5-typing": "41.0.0",
        "@ckeditor/ckeditor5-ui": "41.0.0",
        "@ckeditor/ckeditor5-undo": "41.0.0",
        "@ckeditor/ckeditor5-upload": "41.0.0",
        "@ckeditor/ckeditor5-utils": "41.0.0",
        "@ckeditor/ckeditor5-watchdog": "41.0.0",
        "@ckeditor/ckeditor5-widget": "41.0.0"
      }
    },
    "node_modules/color-convert": {
      "version": "2.0.1",
      "resolved": "https://registry.npmjs.org/color-convert/-/color-convert-2.0.1.tgz",
      "integrity": "sha512-RRECPsj7iu/xb5oKYcsFHSppFNnsj/52OVTRKb4zP5onXwVF3zVmmToNcOfGC+CRDpfK/U584fMg38ZHCaElKQ==",
      "dependencies": {
        "color-name": "~1.1.4"
      },
      "engines": {
        "node": ">=7.0.0"
      }
    },
    "node_modules/color-name": {
      "version": "1.1.4",
      "resolved": "https://registry.npmjs.org/color-name/-/color-name-1.1.4.tgz",
      "integrity": "sha512-dOy+3AuW3a2wNbZHIuMZpTcgjGuLU/uBL/ubcZF9OXbDo8ff4O8yVp5Bf0efS8uEoYo5q4Fx7dY9OgQGXgAsQA=="
    },
    "node_modules/color-parse": {
      "version": "1.4.2",
      "resolved": "https://registry.npmjs.org/color-parse/-/color-parse-1.4.2.tgz",
      "integrity": "sha512-RI7s49/8yqDj3fECFZjUI1Yi0z/Gq1py43oNJivAIIDSyJiOZLfYCRQEgn8HEVAj++PcRe8AnL2XF0fRJ3BTnA==",
      "dependencies": {
        "color-name": "^1.0.0"
      }
    },
    "node_modules/dayjs": {
      "version": "1.11.10",
      "resolved": "https://registry.npmjs.org/dayjs/-/dayjs-1.11.10.tgz",
      "integrity": "sha512-vjAczensTgRcqDERK0SR2XMwsF/tSvnvlv6VcF2GIhg6Sx4yOIt/irsr1RDJsKiIyBzJDpCoXiWWq28MqH2cnQ=="
    },
    "node_modules/diff-dom": {
      "version": "5.1.2",
      "resolved": "https://registry.npmjs.org/diff-dom/-/diff-dom-5.1.2.tgz",
      "integrity": "sha512-ayOX+pBYzyLdt7iXFd+8jvWzhrcWk+9gQqYk7Zz8/0hpIsqSbtk6MNbtds+Ox6B8ONsdtIcfPmk3NXPdgb3+xQ=="
    },
    "node_modules/fast-deep-equal": {
      "version": "3.1.3",
      "resolved": "https://registry.npmjs.org/fast-deep-equal/-/fast-deep-equal-3.1.3.tgz",
      "integrity": "sha512-f3qQ9oQy9j2AhBe/H9VC91wLmKBCCU/gDOnKNAYG5hswO7BLKj09Hc5HYNz9cGI++xlpDCIgDaitVs03ATR84Q==",
      "optional": true
    },
    "node_modules/leaflet": {
      "version": "1.9.4",
      "resolved": "https://registry.npmjs.org/leaflet/-/leaflet-1.9.4.tgz",
      "integrity": "sha512-nxS1ynzJOmOlHp+iL3FyWqK89GtNL8U8rvlMOsQdTTssxZwCXh8N2NB3GDQOL+YR3XnWyZAxwQixURb+FA74PA=="
    },
    "node_modules/leaflet-geosearch": {
      "version": "3.11.0",
      "resolved": "https://registry.npmjs.org/leaflet-geosearch/-/leaflet-geosearch-3.11.0.tgz",
      "integrity": "sha512-lWmryKXg7S//7q53fMyooCAyAzYxMtozeEmjrQqtkmsPmeHphaKMuFEm/uD4ZwoblBIIMXsUnuNBLvg6bSfjqA==",
      "optionalDependencies": {
        "@googlemaps/js-api-loader": "^1.14.3",
        "leaflet": "^1.6.0"
      }
    },
    "node_modules/lodash-es": {
      "version": "4.17.21",
      "resolved": "https://registry.npmjs.org/lodash-es/-/lodash-es-4.17.21.tgz",
      "integrity": "sha512-mKnC+QJ9pWVzv+C4/U3rRsHapFfHvQFoFB92e52xeyGMcX6/OlIl78je1u8vePzYZSkkogMPJ2yjxxsb89cxyw=="
    },
    "node_modules/preact": {
      "version": "10.19.3",
      "resolved": "https://registry.npmjs.org/preact/-/preact-10.19.3.tgz",
      "integrity": "sha512-nHHTeFVBTHRGxJXKkKu5hT8C/YWBkPso4/Gad6xuj5dbptt9iF9NZr9pHbPhBrnT2klheu7mHTxTZ/LjwJiEiQ==",
      "funding": {
        "type": "opencollective",
        "url": "https://opencollective.com/preact"
      }
    },
    "node_modules/select2-bootstrap-theme": {
      "version": "0.1.0-beta.10",
      "resolved": "https://registry.npmjs.org/select2-bootstrap-theme/-/select2-bootstrap-theme-0.1.0-beta.10.tgz",
      "integrity": "sha512-gc9Y9yNjkGRqeFmI/pAKyL4maMKH9VKAn62E+uF/hxz8FTmfuKH0sDEGhFhk3f8Jp+emtsDdK1c1nb6S51BV0Q=="
    },
    "node_modules/simple-datatables": {
      "version": "8.0.1",
      "resolved": "https://registry.npmjs.org/simple-datatables/-/simple-datatables-8.0.1.tgz",
      "integrity": "sha512-1l9N7yacy4pECoOw/khm/n7XtEcpgoh5znJ1diqern1fwRqgOCgdI7keW9LCeV5es2M4K+db3qWjaWHbcFUh0Q==",
      "dependencies": {
        "dayjs": "^1.11.10",
        "diff-dom": "^5.1.2"
      }
    },
    "node_modules/vanilla-colorful": {
      "version": "0.7.2",
      "resolved": "https://registry.npmjs.org/vanilla-colorful/-/vanilla-colorful-0.7.2.tgz",
      "integrity": "sha512-z2YZusTFC6KnLERx1cgoIRX2CjPRP0W75N+3CC6gbvdX5Ch47rZkEMGO2Xnf+IEmi3RiFLxS18gayMA27iU7Kg=="
    }
  }
}
